
Microsoft Visual Studio Solution File, Format Version 12.00
# Visual Studio Version 17
VisualStudioVersion = 17.0.32112.339
MinimumVisualStudioVersion = 10.0.40219.1
Project("{9A19103F-16F7-4668-BE54-9A1E7A4F7556}") = "AccelByte.Sdk", "AccelByte.Sdk\AccelByte.Sdk.csproj", "{A2419CD8-608E-48B0-A0BF-261FB5D78000}"
EndProject
Project("{9A19103F-16F7-4668-BE54-9A1E7A4F7556}") = "AccelByte.Sdk.Tests", "AccelByte.Sdk.Tests\AccelByte.Sdk.Tests.csproj", "{05326FE8-9312-4ADA-839F-7491B8E5301D}"
EndProject
Project("{9A19103F-16F7-4668-BE54-9A1E7A4F7556}") = "AccelByte.Sdk.Sample.Cli", "AccelByte.Sdk.Sample.Cli\AccelByte.Sdk.Sample.Cli.csproj", "{9781AC78-EBD8-4C58-9535-18B85F843441}"
EndProject
Global
	GlobalSection(SolutionConfigurationPlatforms) = preSolution
		Debug|Any CPU = Debug|Any CPU
		Release|Any CPU = Release|Any CPU
	EndGlobalSection
	GlobalSection(ProjectConfigurationPlatforms) = postSolution
		{A2419CD8-608E-48B0-A0BF-261FB5D78000}.Debug|Any CPU.ActiveCfg = Debug|Any CPU
		{A2419CD8-608E-48B0-A0BF-261FB5D78000}.Debug|Any CPU.Build.0 = Debug|Any CPU
		{A2419CD8-608E-48B0-A0BF-261FB5D78000}.Release|Any CPU.ActiveCfg = Release|Any CPU
		{A2419CD8-608E-48B0-A0BF-261FB5D78000}.Release|Any CPU.Build.0 = Release|Any CPU
		{05326FE8-9312-4ADA-839F-7491B8E5301D}.Debug|Any CPU.ActiveCfg = Debug|Any CPU
		{05326FE8-9312-4ADA-839F-7491B8E5301D}.Debug|Any CPU.Build.0 = Debug|Any CPU
		{05326FE8-9312-4ADA-839F-7491B8E5301D}.Release|Any CPU.ActiveCfg = Release|Any CPU
		{05326FE8-9312-4ADA-839F-7491B8E5301D}.Release|Any CPU.Build.0 = Release|Any CPU
		{9781AC78-EBD8-4C58-9535-18B85F843441}.Debug|Any CPU.ActiveCfg = Debug|Any CPU
		{9781AC78-EBD8-4C58-9535-18B85F843441}.Debug|Any CPU.Build.0 = Debug|Any CPU
		{9781AC78-EBD8-4C58-9535-18B85F843441}.Release|Any CPU.ActiveCfg = Release|Any CPU
		{9781AC78-EBD8-4C58-9535-18B85F843441}.Release|Any CPU.Build.0 = Release|Any CPU
	EndGlobalSection
	GlobalSection(SolutionProperties) = preSolution
		HideSolutionNode = FALSE
	EndGlobalSection
	GlobalSection(ExtensibilityGlobals) = postSolution
		SolutionGuid = {0683A376-6097-43C6-B3B5-3820D97D171F}
	EndGlobalSection
EndGlobal
